// !$*UTF8*$!
{
	archiveVersion = 1;
	classes = {
	};
	objectVersion = 46;
	objects = {

/* Begin PBXBuildFile section */
		D96AB15F1CFE270100AC561E /* AppDelegate.swift in Sources */ = {isa = PBXBuildFile; fileRef = D96AB15E1CFE270100AC561E /* AppDelegate.swift */; };
		D96AB1641CFE270100AC561E /* Main.storyboard in Resources */ = {isa = PBXBuildFile; fileRef = D96AB1621CFE270100AC561E /* Main.storyboard */; };
		D96AB1661CFE270100AC561E /* Assets.xcassets in Resources */ = {isa = PBXBuildFile; fileRef = D96AB1651CFE270100AC561E /* Assets.xcassets */; };
		D96AB1691CFE270100AC561E /* LaunchScreen.storyboard in Resources */ = {isa = PBXBuildFile; fileRef = D96AB1671CFE270100AC561E /* LaunchScreen.storyboard */; };
		D96AB1731CFE27D300AC561E /* RSSTableViewController.swift in Sources */ = {isa = PBXBuildFile; fileRef = D96AB1721CFE27D300AC561E /* RSSTableViewController.swift */; };
		D96AB1751CFE2CD000AC561E /* RssFeed.swift in Sources */ = {isa = PBXBuildFile; fileRef = D96AB1741CFE2CD000AC561E /* RssFeed.swift */; };
		D99914291CFF506A00768005 /* RssTableViewCell.swift in Sources */ = {isa = PBXBuildFile; fileRef = D99914281CFF506A00768005 /* RssTableViewCell.swift */; };
		D999142B1CFF968D00768005 /* UIImageView+ImageExtentsion.swift in Sources */ = {isa = PBXBuildFile; fileRef = D999142A1CFF968D00768005 /* UIImageView+ImageExtentsion.swift */; };
		D999142D1CFFA94F00768005 /* WebViewController.swift in Sources */ = {isa = PBXBuildFile; fileRef = D999142C1CFFA94F00768005 /* WebViewController.swift */; };
		D9AABFA31D00120B00F4E479 /* CategoriesModel.swift in Sources */ = {isa = PBXBuildFile; fileRef = D9AABFA21D00120B00F4E479 /* CategoriesModel.swift */; };
		D9AABFA51D0012EC00F4E479 /* CategoriesViewController.swift in Sources */ = {isa = PBXBuildFile; fileRef = D9AABFA41D0012EC00F4E479 /* CategoriesViewController.swift */; };
/* End PBXBuildFile section */

/* Begin PBXFileReference section */
		D96AB15B1CFE270100AC561E /* AftonbladetRSS.app */ = {isa = PBXFileReference; explicitFileType = wrapper.application; includeInIndex = 0; path = AftonbladetRSS.app; sourceTree = BUILT_PRODUCTS_DIR; };
		D96AB15E1CFE270100AC561E /* AppDelegate.swift */ = {isa = PBXFileReference; lastKnownFileType = sourcecode.swift; path = AppDelegate.swift; sourceTree = "<group>"; };
		D96AB1631CFE270100AC561E /* Base */ = {isa = PBXFileReference; lastKnownFileType = file.storyboard; name = Base; path = Base.lproj/Main.storyboard; sourceTree = "<group>"; };
		D96AB1651CFE270100AC561E /* Assets.xcassets */ = {isa = PBXFileReference; lastKnownFileType = folder.assetcatalog; path = Assets.xcassets; sourceTree = "<group>"; };
		D96AB1681CFE270100AC561E /* Base */ = {isa = PBXFileReference; lastKnownFileType = file.storyboard; name = Base; path = Base.lproj/LaunchScreen.storyboard; sourceTree = "<group>"; };
		D96AB16A1CFE270100AC561E /* Info.plist */ = {isa = PBXFileReference; lastKnownFileType = text.plist.xml; path = Info.plist; sourceTree = "<group>"; };
		D96AB1721CFE27D300AC561E /* RSSTableViewController.swift */ = {isa = PBXFileReference; fileEncoding = 4; lastKnownFileType = sourcecode.swift; path = RSSTableViewController.swift; sourceTree = "<group>"; };
		D96AB1741CFE2CD000AC561E /* RssFeed.swift */ = {isa = PBXFileReference; fileEncoding = 4; lastKnownFileType = sourcecode.swift; path = RssFeed.swift; sourceTree = "<group>"; };
		D99914281CFF506A00768005 /* RssTableViewCell.swift */ = {isa = PBXFileReference; fileEncoding = 4; lastKnownFileType = sourcecode.swift; path = RssTableViewCell.swift; sourceTree = "<group>"; };
		D999142A1CFF968D00768005 /* UIImageView+ImageExtentsion.swift */ = {isa = PBXFileReference; fileEncoding = 4; lastKnownFileType = sourcecode.swift; path = "UIImageView+ImageExtentsion.swift"; sourceTree = "<group>"; };
		D999142C1CFFA94F00768005 /* WebViewController.swift */ = {isa = PBXFileReference; fileEncoding = 4; lastKnownFileType = sourcecode.swift; path = WebViewController.swift; sourceTree = "<group>"; };
		D9AABFA21D00120B00F4E479 /* CategoriesModel.swift */ = {isa = PBXFileReference; fileEncoding = 4; lastKnownFileType = sourcecode.swift; path = CategoriesModel.swift; sourceTree = "<group>"; };
		D9AABFA41D0012EC00F4E479 /* CategoriesViewController.swift */ = {isa = PBXFileReference; fileEncoding = 4; lastKnownFileType = sourcecode.swift; path = CategoriesViewController.swift; sourceTree = "<group>"; };
/* End PBXFileReference section */

/* Begin PBXFrameworksBuildPhase section */
		D96AB1581CFE270100AC561E /* Frameworks */ = {
			isa = PBXFrameworksBuildPhase;
			buildActionMask = 2147483647;
			files = (
			);
			runOnlyForDeploymentPostprocessing = 0;
		};
/* End PBXFrameworksBuildPhase section */

/* Begin PBXGroup section */
		D96AB1521CFE270100AC561E = {
			isa = PBXGroup;
			children = (
				D96AB15D1CFE270100AC561E /* AftonbladetRSS */,
				D96AB15C1CFE270100AC561E /* Products */,
			);
			sourceTree = "<group>";
		};
		D96AB15C1CFE270100AC561E /* Products */ = {
			isa = PBXGroup;
			children = (
				D96AB15B1CFE270100AC561E /* AftonbladetRSS.app */,
			);
			name = Products;
			sourceTree = "<group>";
		};
		D96AB15D1CFE270100AC561E /* AftonbladetRSS */ = {
			isa = PBXGroup;
			children = (
				D96AB15E1CFE270100AC561E /* AppDelegate.swift */,
				D96AB1721CFE27D300AC561E /* RSSTableViewController.swift */,
				D9AABFA41D0012EC00F4E479 /* CategoriesViewController.swift */,
				D999142A1CFF968D00768005 /* UIImageView+ImageExtentsion.swift */,
				D99914281CFF506A00768005 /* RssTableViewCell.swift */,
				D96AB1741CFE2CD000AC561E /* RssFeed.swift */,
				D9AABFA21D00120B00F4E479 /* CategoriesModel.swift */,
				D999142C1CFFA94F00768005 /* WebViewController.swift */,
				D96AB1621CFE270100AC561E /* Main.storyboard */,
				D96AB1651CFE270100AC561E /* Assets.xcassets */,
				D96AB1671CFE270100AC561E /* LaunchScreen.storyboard */,
				D96AB16A1CFE270100AC561E /* Info.plist */,
			);
			path = AftonbladetRSS;
			sourceTree = "<group>";
		};
/* End PBXGroup section */

/* Begin PBXNativeTarget section */
		D96AB15A1CFE270100AC561E /* AftonbladetRSS */ = {
			isa = PBXNativeTarget;
			buildConfigurationList = D96AB16D1CFE270100AC561E /* Build configuration list for PBXNativeTarget "AftonbladetRSS" */;
			buildPhases = (
				D96AB1571CFE270100AC561E /* Sources */,
				D96AB1581CFE270100AC561E /* Frameworks */,
				D96AB1591CFE270100AC561E /* Resources */,
			);
			buildRules = (
			);
			dependencies = (
			);
			name = AftonbladetRSS;
			productName = AftonbladetRSS;
			productReference = D96AB15B1CFE270100AC561E /* AftonbladetRSS.app */;
			productType = "com.apple.product-type.application";
		};
/* End PBXNativeTarget section */

/* Begin PBXProject section */
		D96AB1531CFE270100AC561E /* Project object */ = {
			isa = PBXProject;
			attributes = {
				LastSwiftUpdateCheck = 0730;
				LastUpgradeCheck = 0730;
				ORGANIZATIONNAME = "Khalid Afridi";
				TargetAttributes = {
					D96AB15A1CFE270100AC561E = {
						CreatedOnToolsVersion = 7.3;
					};
				};
			};
			buildConfigurationList = D96AB1561CFE270100AC561E /* Build configuration list for PBXProject "AftonbladetRSS" */;
			compatibilityVersion = "Xcode 3.2";
			developmentRegion = English;
			hasScannedForEncodings = 0;
			knownRegions = (
				en,
				Base,
			);
			mainGroup = D96AB1521CFE270100AC561E;
			productRefGroup = D96AB15C1CFE270100AC561E /* Products */;
			projectDirPath = "";
			projectRoot = "";
			targets = (
				D96AB15A1CFE270100AC561E /* AftonbladetRSS */,
			);
		};
/* End PBXProject section */

/* Begin PBXResourcesBuildPhase section */
		D96AB1591CFE270100AC561E /* Resources */ = {
			isa = PBXResourcesBuildPhase;
			buildActionMask = 2147483647;
			files = (
				D96AB1691CFE270100AC561E /* LaunchScreen.storyboard in Resources */,
				D96AB1661CFE270100AC561E /* Assets.xcassets in Resources */,
				D96AB1641CFE270100AC561E /* Main.storyboard in Resources */,
			);
			runOnlyForDeploymentPostprocessing = 0;
		};
/* End PBXResourcesBuildPhase section */

/* Begin PBXSourcesBuildPhase section */
		D96AB1571CFE270100AC561E /* Sources */ = {
			isa = PBXSourcesBuildPhase;
			buildActionMask = 2147483647;
			files = (
				D999142B1CFF968D00768005 /* UIImageView+ImageExtentsion.swift in Sources */,
				D999142D1CFFA94F00768005 /* WebViewController.swift in Sources */,
				D99914291CFF506A00768005 /* RssTableViewCell.swift in Sources */,
				D96AB1731CFE27D300AC561E /* RSSTableViewController.swift in Sources */,
				D9AABFA31D00120B00F4E479 /* CategoriesModel.swift in Sources */,
				D96AB15F1CFE270100AC561E /* AppDelegate.swift in Sources */,
				D9AABFA51D0012EC00F4E479 /* CategoriesViewController.swift in Sources */,
				D96AB1751CFE2CD000AC561E /* RssFeed.swift in Sources */,
			);
			runOnlyForDeploymentPostprocessing = 0;
		};
/* End PBXSourcesBuildPhase section */

/* Begin PBXVariantGroup section */
		D96AB1621CFE270100AC561E /* Main.storyboard */ = {
			isa = PBXVariantGroup;
			children = (
				D96AB1631CFE270100AC561E /* Base */,
			);
			name = Main.storyboard;
			sourceTree = "<group>";
		};
		D96AB1671CFE270100AC561E /* LaunchScreen.storyboard */ = {
			isa = PBXVariantGroup;
			children = (
				D96AB1681CFE270100AC561E /* Base */,
			);
			name = LaunchScreen.storyboard;
			sourceTree = "<group>";
		};
/* End PBXVariantGroup section */

/* Begin XCBuildConfiguration section */
		D96AB16B1CFE270100AC561E /* Debug */ = {
			isa = XCBuildConfiguration;
			buildSettings = {
				ALWAYS_SEARCH_USER_PATHS = NO;
				CLANG_ANALYZER_NONNULL = YES;
				CLANG_CXX_LANGUAGE_STANDARD = "gnu++0x";
				CLANG_CXX_LIBRARY = "libc++";
				CLANG_ENABLE_MODULES = YES;
				CLANG_ENABLE_OBJC_ARC = YES;
				CLANG_WARN_BOOL_CONVERSION = YES;
				CLANG_WARN_CONSTANT_CONVERSION = YES;
				CLANG_WARN_DIRECT_OBJC_ISA_USAGE = YES_ERROR;
				CLANG_WARN_EMPTY_BODY = YES;
				CLANG_WARN_ENUM_CONVERSION = YES;
				CLANG_WARN_INT_CONVERSION = YES;
				CLANG_WARN_OBJC_ROOT_CLASS = YES_ERROR;
				CLANG_WARN_UNREACHABLE_CODE = YES;
				CLANG_WARN__DUPLICATE_METHOD_MATCH = YES;
				"CODE_SIGN_IDENTITY[sdk=iphoneos*]" = "iPhone Developer";
				COPY_PHASE_STRIP = NO;
				DEBUG_INFORMATION_FORMAT = dwarf;
				ENABLE_STRICT_OBJC_MSGSEND = YES;
				ENABLE_TESTABILITY = YES;
				GCC_C_LANGUAGE_STANDARD = gnu99;
				GCC_DYNAMIC_NO_PIC = NO;
				GCC_NO_COMMON_BLOCKS = YES;
				GCC_OPTIMIZATION_LEVEL = 0;
				GCC_PREPROCESSOR_DEFINITIONS = (
					"DEBUG=1",
					"$(inherited)",
				);
				GCC_WARN_64_TO_32_BIT_CONVERSION = YES;
				GCC_WARN_ABOUT_RETURN_TYPE = YES_ERROR;
				GCC_WARN_UNDECLARED_SELECTOR = YES;
				GCC_WARN_UNINITIALIZED_AUTOS = YES_AGGRESSIVE;
				GCC_WARN_UNUSED_FUNCTION = YES;
				GCC_WARN_UNUSED_VARIABLE = YES;
				IPHONEOS_DEPLOYMENT_TARGET = 9.3;
				MTL_ENABLE_DEBUG_INFO = YES;
				ONLY_ACTIVE_ARCH = YES;
				SDKROOT = iphoneos;
				SWIFT_OPTIMIZATION_LEVEL = "-Onone";
			};
			name = Debug;
		};
		D96AB16C1CFE270100AC561E /* Release */ = {
			isa = XCBuildConfiguration;
			buildSettings = {
				ALWAYS_SEARCH_USER_PATHS = NO;
				CLANG_ANALYZER_NONNULL = YES;
				CLANG_CXX_LANGUAGE_STANDARD = "gnu++0x";
				CLANG_CXX_LIBRARY = "libc++";
				CLANG_ENABLE_MODULES = YES;
				CLANG_ENABLE_OBJC_ARC = YES;
				CLANG_WARN_BOOL_CONVERSION = YES;
				CLANG_WARN_CONSTANT_CONVERSION = YES;
				CLANG_WARN_DIRECT_OBJC_ISA_USAGE = YES_ERROR;
				CLANG_WARN_EMPTY_BODY = YES;
				CLANG_WARN_ENUM_CONVERSION = YES;
				CLANG_WARN_INT_CONVERSION = YES;
				CLANG_WARN_OBJC_ROOT_CLASS = YES_ERROR;
				CLANG_WARN_UNREACHABLE_CODE = YES;
				CLANG_WARN__DUPLICATE_METHOD_MATCH = YES;
				"CODE_SIGN_IDENTITY[sdk=iphoneos*]" = "iPhone Developer";
				COPY_PHASE_STRIP = NO;
				DEBUG_INFORMATION_FORMAT = "dwarf-with-dsym";
				ENABLE_NS_ASSERTIONS = NO;
				ENABLE_STRICT_OBJC_MSGSEND = YES;
				GCC_C_LANGUAGE_STANDARD = gnu99;
				GCC_NO_COMMON_BLOCKS = YES;
				GCC_WARN_64_TO_32_BIT_CONVERSION = YES;
				GCC_WARN_ABOUT_RETURN_TYPE = YES_ERROR;
				GCC_WARN_UNDECLARED_SELECTOR = YES;
				GCC_WARN_UNINITIALIZED_AUTOS = YES_AGGRESSIVE;
				GCC_WARN_UNUSED_FUNCTION = YES;
				GCC_WARN_UNUSED_VARIABLE = YES;
				IPHONEOS_DEPLOYMENT_TARGET = 9.3;
				MTL_ENABLE_DEBUG_INFO = NO;
				SDKROOT = iphoneos;
				VALIDATE_PRODUCT = YES;
			};
			name = Release;
		};
		D96AB16E1CFE270100AC561E /* Debug */ = {
			isa = XCBuildConfiguration;
			buildSettings = {
				ASSETCATALOG_COMPILER_APPICON_NAME = AppIcon;
				INFOPLIST_FILE = AftonbladetRSS/Info.plist;
				LD_RUNPATH_SEARCH_PATHS = "$(inherited) @executable_path/Frameworks";
				PRODUCT_BUNDLE_IDENTIFIER = com.khalidafridi.AftonbladetRSS;
				PRODUCT_NAME = "$(TARGET_NAME)";
			};
			name = Debug;
		};
		D96AB16F1CFE270100AC561E /* Release */ = {
			isa = XCBuildConfiguration;
			buildSettings = {
				ASSETCATALOG_COMPILER_APPICON_NAME = AppIcon;
				INFOPLIST_FILE = AftonbladetRSS/Info.plist;
				LD_RUNPATH_SEARCH_PATHS = "$(inherited) @executable_path/Frameworks";
				PRODUCT_BUNDLE_IDENTIFIER = com.khalidafridi.AftonbladetRSS;
				PRODUCT_NAME = "$(TARGET_NAME)";
			};
			name = Release;
		};
/* End XCBuildConfiguration section */

/* Begin XCConfigurationList section */
		D96AB1561CFE270100AC561E /* Build configuration list for PBXProject "AftonbladetRSS" */ = {
			isa = XCConfigurationList;
			buildConfigurations = (
				D96AB16B1CFE270100AC561E /* Debug */,
				D96AB16C1CFE270100AC561E /* Release */,
			);
			defaultConfigurationIsVisible = 0;
			defaultConfigurationName = Release;
		};
		D96AB16D1CFE270100AC561E /* Build configuration list for PBXNativeTarget "AftonbladetRSS" */ = {
			isa = XCConfigurationList;
			buildConfigurations = (
				D96AB16E1CFE270100AC561E /* Debug */,
				D96AB16F1CFE270100AC561E /* Release */,
			);
			defaultConfigurationIsVisible = 0;
			defaultConfigurationName = Release;
		};
/* End XCConfigurationList section */
	};
	rootObject = D96AB1531CFE270100AC561E /* Project object */;
}
